{
  "requires": true,
  "lockfileVersion": 1,
  "dependencies": {
    "gitbook-plugin-toggle-chapters": {
      "version": "0.0.3",
      "resolved": "https://registry.npmmirror.com/gitbook-plugin-toggle-chapters/-/gitbook-plugin-toggle-chapters-0.0.3.tgz",
      "integrity": "sha512-JH9sPqsGnsF6iO2QetOPZUBTH6LUBomEx1npilZ5irIrfN8YBVXxsox72X13U3xEH0CupwWNVh+ivVKtnc8cLg=="
    }
  }
}
